
Microsoft Visual Studio Solution File, Format Version 12.00
# Visual Studio Version 17
VisualStudioVersion = 17.11.35312.102
MinimumVisualStudioVersion = 10.0.40219.1
Project("{FAE04EC0-301F-11D3-BF4B-00C04F79EFBC}") = "ConsoleApp1", "ConsoleApp1\ConsoleApp1.csproj", "{37DEF4CB-87B7-4749-B219-CFCA11F89A08}"
EndProject
Global
	GlobalSection(SolutionConfigurationPlatforms) = preSolution
		Debug|Any CPU = Debug|Any CPU
		Release|Any CPU = Release|Any CPU
	EndGlobalSection
	GlobalSection(ProjectConfigurationPlatforms) = postSolution
		{37DEF4CB-87B7-4749-B219-CFCA11F89A08}.Debug|Any CPU.ActiveCfg = Debug|Any CPU
		{37DEF4CB-87B7-4749-B219-CFCA11F89A08}.Debug|Any CPU.Build.0 = Debug|Any CPU
		{37DEF4CB-87B7-4749-B219-CFCA11F89A08}.Release|Any CPU.ActiveCfg = Release|Any CPU
		{37DEF4CB-87B7-4749-B219-CFCA11F89A08}.Release|Any CPU.Build.0 = Release|Any CPU
	EndGlobalSection
	GlobalSection(SolutionProperties) = preSolution
		HideSolutionNode = FALSE
	EndGlobalSection
	GlobalSection(ExtensibilityGlobals) = postSolution
		SolutionGuid = {36A07C20-E798-4EA4-838A-F755FD4181DD}
	EndGlobalSection
EndGlobal
